
Microsoft Visual Studio Solution File, Format Version 12.00
# Visual Studio 15
Project("{FAE04EC0-301F-11D3-BF4B-00C04F79EFBC}") = "Assembly-CSharp", "Assembly-CSharp.csproj", "{B75B1FC5-E9A4-7ABF-7F80-8C39B8DF84D4}"
EndProject
Project("{FAE04EC0-301F-11D3-BF4B-00C04F79EFBC}") = "PathCreator", "PathCreator.csproj", "{48E5C4EA-FD14-B900-0AC9-EA6BB1557C14}"
EndProject
Project("{FAE04EC0-301F-11D3-BF4B-00C04F79EFBC}") = "Assembly-CSharp-Editor", "Assembly-CSharp-Editor.csproj", "{0360A7DC-259B-35A4-EA1F-07F07C1AD494}"
EndProject
Project("{FAE04EC0-301F-11D3-BF4B-00C04F79EFBC}") = "PathCreatorEditor", "PathCreatorEditor.csproj", "{025195E0-D7CD-B915-87BF-339E5056DF77}"
EndProject
Global
	GlobalSection(SolutionConfigurationPlatforms) = preSolution
		Debug|Any CPU = Debug|Any CPU
		Release|Any CPU = Release|Any CPU
	EndGlobalSection
	GlobalSection(ProjectConfigurationPlatforms) = postSolution
		{B75B1FC5-E9A4-7ABF-7F80-8C39B8DF84D4}.Debug|Any CPU.ActiveCfg = Debug|Any CPU
		{B75B1FC5-E9A4-7ABF-7F80-8C39B8DF84D4}.Debug|Any CPU.Build.0 = Debug|Any CPU
		{B75B1FC5-E9A4-7ABF-7F80-8C39B8DF84D4}.Release|Any CPU.ActiveCfg = Release|Any CPU
		{B75B1FC5-E9A4-7ABF-7F80-8C39B8DF84D4}.Release|Any CPU.Build.0 = Release|Any CPU
		{48E5C4EA-FD14-B900-0AC9-EA6BB1557C14}.Debug|Any CPU.ActiveCfg = Debug|Any CPU
		{48E5C4EA-FD14-B900-0AC9-EA6BB1557C14}.Debug|Any CPU.Build.0 = Debug|Any CPU
		{48E5C4EA-FD14-B900-0AC9-EA6BB1557C14}.Release|Any CPU.ActiveCfg = Release|Any CPU
		{48E5C4EA-FD14-B900-0AC9-EA6BB1557C14}.Release|Any CPU.Build.0 = Release|Any CPU
		{0360A7DC-259B-35A4-EA1F-07F07C1AD494}.Debug|Any CPU.ActiveCfg = Debug|Any CPU
		{0360A7DC-259B-35A4-EA1F-07F07C1AD494}.Debug|Any CPU.Build.0 = Debug|Any CPU
		{0360A7DC-259B-35A4-EA1F-07F07C1AD494}.Release|Any CPU.ActiveCfg = Release|Any CPU
		{0360A7DC-259B-35A4-EA1F-07F07C1AD494}.Release|Any CPU.Build.0 = Release|Any CPU
		{025195E0-D7CD-B915-87BF-339E5056DF77}.Debug|Any CPU.ActiveCfg = Debug|Any CPU
		{025195E0-D7CD-B915-87BF-339E5056DF77}.Debug|Any CPU.Build.0 = Debug|Any CPU
		{025195E0-D7CD-B915-87BF-339E5056DF77}.Release|Any CPU.ActiveCfg = Release|Any CPU
		{025195E0-D7CD-B915-87BF-339E5056DF77}.Release|Any CPU.Build.0 = Release|Any CPU
	EndGlobalSection
	GlobalSection(SolutionProperties) = preSolution
		HideSolutionNode = FALSE
	EndGlobalSection
EndGlobal
